PODS:
  - FlutterMacOS (1.0.0)
  - osg_plugin (0.0.1):
    - FlutterMacOS

DEPENDENCIES:
  - FlutterMacOS (from `Flutter/ephemeral`)
  - osg_plugin (from `Flutter/ephemeral/.symlinks/plugins/osg_plugin/macos`)

EXTERNAL SOURCES:
  FlutterMacOS:
    :path: Flutter/ephemeral
  osg_plugin:
    :path: Flutter/ephemeral/.symlinks/plugins/osg_plugin/macos

SPEC CHECKSUMS:
  FlutterMacOS: d0db08ddef1a9af05a5ec4b724367152bb0500b1
  osg_plugin: 878958ea1d6deee97cc3c766f3be5ccd97823d97

PODFILE CHECKSUM: 54d867c82ac51cbd61b565781b9fada492027009

COCOAPODS: 1.16.2
