PODS:
  - Flutter (1.0.0)
  - osg_plugin (0.0.1):
    - Flutter

DEPENDENCIES:
  - Flutter (from `Flutter`)
  - osg_plugin (from `.symlinks/plugins/osg_plugin/ios`)

EXTERNAL SOURCES:
  Flutter:
    :path: Flutter
  osg_plugin:
    :path: ".symlinks/plugins/osg_plugin/ios"

SPEC CHECKSUMS:
  Flutter: cabc95a1d2626b1b06e7179b784ebcf0c0cde467
  osg_plugin: 7e436a2f9993a2aa4cc885991733eb7101255629

PODFILE CHECKSUM: 3c63482e143d1b91d2d2560aee9fb04ecc74ac7e

COCOAPODS: 1.16.2
